
Microsoft Visual Studio Solution File, Format Version 12.00
# Visual Studio Version 16
VisualStudioVersion = 16.0.31702.278
MinimumVisualStudioVersion = 10.0.40219.1
Project("{9A19103F-16F7-4668-BE54-9A1E7A4F7556}") = "ArcticWolfApi", "ArcticWolfApi\ArcticWolfApi.csproj", "{7E068292-633A-473C-8795-1B3C43CE327C}"
EndProject
Project("{9A19103F-16F7-4668-BE54-9A1E7A4F7556}") = "ArcticWolfLauncher", "ArcticWolfLauncher\ArcticWolfLauncher.csproj", "{C316AC99-4A34-45BD-8BC8-BD4BD69ED87D}"
EndProject
Project("{FAE04EC0-301F-11D3-BF4B-00C04F79EFBC}") = "ArcticSpy", "ArcticSpy\ArcticSpy.csproj", "{859D2A79-7117-47F1-B233-3F536D3DFA7A}"
EndProject
Global
	GlobalSection(SolutionConfigurationPlatforms) = preSolution
		Debug|Any CPU = Debug|Any CPU
		Release|Any CPU = Release|Any CPU
	EndGlobalSection
	GlobalSection(ProjectConfigurationPlatforms) = postSolution
		{7E068292-633A-473C-8795-1B3C43CE327C}.Debug|Any CPU.ActiveCfg = Debug|Any CPU
		{7E068292-633A-473C-8795-1B3C43CE327C}.Debug|Any CPU.Build.0 = Debug|Any CPU
		{7E068292-633A-473C-8795-1B3C43CE327C}.Release|Any CPU.ActiveCfg = Release|Any CPU
		{7E068292-633A-473C-8795-1B3C43CE327C}.Release|Any CPU.Build.0 = Release|Any CPU
		{C316AC99-4A34-45BD-8BC8-BD4BD69ED87D}.Debug|Any CPU.ActiveCfg = Debug|Any CPU
		{C316AC99-4A34-45BD-8BC8-BD4BD69ED87D}.Debug|Any CPU.Build.0 = Debug|Any CPU
		{C316AC99-4A34-45BD-8BC8-BD4BD69ED87D}.Release|Any CPU.ActiveCfg = Release|Any CPU
		{C316AC99-4A34-45BD-8BC8-BD4BD69ED87D}.Release|Any CPU.Build.0 = Release|Any CPU
		{859D2A79-7117-47F1-B233-3F536D3DFA7A}.Debug|Any CPU.ActiveCfg = Debug|Any CPU
		{859D2A79-7117-47F1-B233-3F536D3DFA7A}.Debug|Any CPU.Build.0 = Debug|Any CPU
		{859D2A79-7117-47F1-B233-3F536D3DFA7A}.Release|Any CPU.ActiveCfg = Release|Any CPU
		{859D2A79-7117-47F1-B233-3F536D3DFA7A}.Release|Any CPU.Build.0 = Release|Any CPU
	EndGlobalSection
	GlobalSection(SolutionProperties) = preSolution
		HideSolutionNode = FALSE
	EndGlobalSection
	GlobalSection(ExtensibilityGlobals) = postSolution
		SolutionGuid = {4E70451A-5F85-4314-B138-3E7618DCB296}
	EndGlobalSection
EndGlobal
