
Microsoft Visual Studio Solution File, Format Version 12.00
# Visual Studio Version 17
VisualStudioVersion = 17.0.32014.148
MinimumVisualStudioVersion = 10.0.40219.1
Project("{9A19103F-16F7-4668-BE54-9A1E7A4F7556}") = "ArcticWolfApi", "ArcticWolfApi\ArcticWolfApi.csproj", "{7E068292-633A-473C-8795-1B3C43CE327C}"
EndProject
Project("{9A19103F-16F7-4668-BE54-9A1E7A4F7556}") = "ArcticWolfLauncher", "ArcticWolfLauncher\ArcticWolfLauncher.csproj", "{C316AC99-4A34-45BD-8BC8-BD4BD69ED87D}"
	ProjectSection(ProjectDependencies) = postProject
		{1DDD68DF-08A1-4F5C-B46A-C5A0B5A25D6B} = {1DDD68DF-08A1-4F5C-B46A-C5A0B5A25D6B}
	EndProjectSection
EndProject
Project("{9A19103F-16F7-4668-BE54-9A1E7A4F7556}") = "ArcticSpy", "ArcticSpy\ArcticSpy.csproj", "{859D2A79-7117-47F1-B233-3F536D3DFA7A}"
EndProject
Project("{9A19103F-16F7-4668-BE54-9A1E7A4F7556}") = "ArcticWolf.DataMiner", "ArcticWolf.DataMiner\ArcticWolf.DataMiner.csproj", "{A91146A7-6C54-46C9-87AE-B59C76A7579E}"
EndProject
Project("{9A19103F-16F7-4668-BE54-9A1E7A4F7556}") = "ArcticWolf.Storage", "ArcticWolf.Storage\ArcticWolf.Storage.csproj", "{27BBFD4F-9475-4104-9F7F-82B7071AC842}"
EndProject
Project("{2150E333-8FDC-42A3-9474-1A3956D46DE8}") = "Discord", "Discord", "{F97490E4-9E06-4D6D-8BDC-8C38CBBCF50A}"
EndProject
Project("{9A19103F-16F7-4668-BE54-9A1E7A4F7556}") = "FNitePlusBot", "Discord\FNitePlusBot\FNitePlusBot.csproj", "{46C4CBAC-BE87-4FCD-B515-D6085B4159D3}"
EndProject
Project("{9A19103F-16F7-4668-BE54-9A1E7A4F7556}") = "BotCord", "Discord\BotCord\BotCord.csproj", "{C208E624-A0CE-4481-BF2C-1CDFEC2943BD}"
EndProject
Project("{2150E333-8FDC-42A3-9474-1A3956D46DE8}") = "Modules", "Modules", "{A740D88E-6853-423D-8DE5-50D7CB7A5D41}"
EndProject
Project("{9A19103F-16F7-4668-BE54-9A1E7A4F7556}") = "Logging", "Modules\Logging\Logging.csproj", "{A5CCA9FD-F149-41BE-950F-204192A7A67B}"
EndProject
Project("{9A19103F-16F7-4668-BE54-9A1E7A4F7556}") = "ArcticWolf.DataMiner.Models", "ArcticWolf.DataMiner.Models\ArcticWolf.DataMiner.Models.csproj", "{D0225A80-C1E2-408F-A275-0E97EE5862E1}"
EndProject
Project("{8BC9CEB8-8B4A-11D0-8D11-00A0C91BC942}") = "ArcticWolf.Core", "ArcticWolf.Core\ArcticWolf.Core.vcxproj", "{1DDD68DF-08A1-4F5C-B46A-C5A0B5A25D6B}"
EndProject
Project("{2150E333-8FDC-42A3-9474-1A3956D46DE8}") = "Apis", "Apis", "{558A80C2-FF63-4DD3-A571-9E61180BF464}"
EndProject
Project("{FAE04EC0-301F-11D3-BF4B-00C04F79EFBC}") = "ArcticWolf.Apis.Benbot", "ArcticWolf.Apis.Benbot\ArcticWolf.Apis.Benbot.csproj", "{1E6079F1-942C-4940-8088-5F9C9A3377F7}"
EndProject
Project("{FAE04EC0-301F-11D3-BF4B-00C04F79EFBC}") = "ArcticWolf.Apis.Base", "ArcticWolf.Apis.Base\ArcticWolf.Apis.Base.csproj", "{B7EAA9DE-5783-40BE-98DA-72FDFD05CAAF}"
EndProject
Project("{FAE04EC0-301F-11D3-BF4B-00C04F79EFBC}") = "ArcticWolf.Apis.Nitestats", "ArcticWolf.Apis.Nitestats\ArcticWolf.Apis.Nitestats.csproj", "{567A15B2-CBC3-4812-8D79-5B38E137A63D}"
EndProject
Global
	GlobalSection(SolutionConfigurationPlatforms) = preSolution
		Debug|Any CPU = Debug|Any CPU
		Debug|x64 = Debug|x64
		Debug|x86 = Debug|x86
		Release|Any CPU = Release|Any CPU
		Release|x64 = Release|x64
		Release|x86 = Release|x86
	EndGlobalSection
	GlobalSection(ProjectConfigurationPlatforms) = postSolution
		{7E068292-633A-473C-8795-1B3C43CE327C}.Debug|Any CPU.ActiveCfg = Debug|Any CPU
		{7E068292-633A-473C-8795-1B3C43CE327C}.Debug|Any CPU.Build.0 = Debug|Any CPU
		{7E068292-633A-473C-8795-1B3C43CE327C}.Debug|x64.ActiveCfg = Debug|Any CPU
		{7E068292-633A-473C-8795-1B3C43CE327C}.Debug|x64.Build.0 = Debug|Any CPU
		{7E068292-633A-473C-8795-1B3C43CE327C}.Debug|x86.ActiveCfg = Debug|Any CPU
		{7E068292-633A-473C-8795-1B3C43CE327C}.Debug|x86.Build.0 = Debug|Any CPU
		{7E068292-633A-473C-8795-1B3C43CE327C}.Release|Any CPU.ActiveCfg = Release|Any CPU
		{7E068292-633A-473C-8795-1B3C43CE327C}.Release|Any CPU.Build.0 = Release|Any CPU
		{7E068292-633A-473C-8795-1B3C43CE327C}.Release|x64.ActiveCfg = Release|Any CPU
		{7E068292-633A-473C-8795-1B3C43CE327C}.Release|x64.Build.0 = Release|Any CPU
		{7E068292-633A-473C-8795-1B3C43CE327C}.Release|x86.ActiveCfg = Release|Any CPU
		{7E068292-633A-473C-8795-1B3C43CE327C}.Release|x86.Build.0 = Release|Any CPU
		{C316AC99-4A34-45BD-8BC8-BD4BD69ED87D}.Debug|Any CPU.ActiveCfg = Debug|Any CPU
		{C316AC99-4A34-45BD-8BC8-BD4BD69ED87D}.Debug|Any CPU.Build.0 = Debug|Any CPU
		{C316AC99-4A34-45BD-8BC8-BD4BD69ED87D}.Debug|x64.ActiveCfg = Debug|Any CPU
		{C316AC99-4A34-45BD-8BC8-BD4BD69ED87D}.Debug|x64.Build.0 = Debug|Any CPU
		{C316AC99-4A34-45BD-8BC8-BD4BD69ED87D}.Debug|x86.ActiveCfg = Debug|Any CPU
		{C316AC99-4A34-45BD-8BC8-BD4BD69ED87D}.Debug|x86.Build.0 = Debug|Any CPU
		{C316AC99-4A34-45BD-8BC8-BD4BD69ED87D}.Release|Any CPU.ActiveCfg = Release|Any CPU
		{C316AC99-4A34-45BD-8BC8-BD4BD69ED87D}.Release|Any CPU.Build.0 = Release|Any CPU
		{C316AC99-4A34-45BD-8BC8-BD4BD69ED87D}.Release|x64.ActiveCfg = Release|Any CPU
		{C316AC99-4A34-45BD-8BC8-BD4BD69ED87D}.Release|x64.Build.0 = Release|Any CPU
		{C316AC99-4A34-45BD-8BC8-BD4BD69ED87D}.Release|x86.ActiveCfg = Release|Any CPU
		{C316AC99-4A34-45BD-8BC8-BD4BD69ED87D}.Release|x86.Build.0 = Release|Any CPU
		{859D2A79-7117-47F1-B233-3F536D3DFA7A}.Debug|Any CPU.ActiveCfg = Debug|Any CPU
		{859D2A79-7117-47F1-B233-3F536D3DFA7A}.Debug|Any CPU.Build.0 = Debug|Any CPU
		{859D2A79-7117-47F1-B233-3F536D3DFA7A}.Debug|x64.ActiveCfg = Debug|Any CPU
		{859D2A79-7117-47F1-B233-3F536D3DFA7A}.Debug|x64.Build.0 = Debug|Any CPU
		{859D2A79-7117-47F1-B233-3F536D3DFA7A}.Debug|x86.ActiveCfg = Debug|Any CPU
		{859D2A79-7117-47F1-B233-3F536D3DFA7A}.Debug|x86.Build.0 = Debug|Any CPU
		{859D2A79-7117-47F1-B233-3F536D3DFA7A}.Release|Any CPU.ActiveCfg = Release|Any CPU
		{859D2A79-7117-47F1-B233-3F536D3DFA7A}.Release|Any CPU.Build.0 = Release|Any CPU
		{859D2A79-7117-47F1-B233-3F536D3DFA7A}.Release|x64.ActiveCfg = Release|Any CPU
		{859D2A79-7117-47F1-B233-3F536D3DFA7A}.Release|x64.Build.0 = Release|Any CPU
		{859D2A79-7117-47F1-B233-3F536D3DFA7A}.Release|x86.ActiveCfg = Release|Any CPU
		{859D2A79-7117-47F1-B233-3F536D3DFA7A}.Release|x86.Build.0 = Release|Any CPU
		{A91146A7-6C54-46C9-87AE-B59C76A7579E}.Debug|Any CPU.ActiveCfg = Debug|Any CPU
		{A91146A7-6C54-46C9-87AE-B59C76A7579E}.Debug|Any CPU.Build.0 = Debug|Any CPU
		{A91146A7-6C54-46C9-87AE-B59C76A7579E}.Debug|x64.ActiveCfg = Debug|Any CPU
		{A91146A7-6C54-46C9-87AE-B59C76A7579E}.Debug|x64.Build.0 = Debug|Any CPU
		{A91146A7-6C54-46C9-87AE-B59C76A7579E}.Debug|x86.ActiveCfg = Debug|Any CPU
		{A91146A7-6C54-46C9-87AE-B59C76A7579E}.Debug|x86.Build.0 = Debug|Any CPU
		{A91146A7-6C54-46C9-87AE-B59C76A7579E}.Release|Any CPU.ActiveCfg = Release|Any CPU
		{A91146A7-6C54-46C9-87AE-B59C76A7579E}.Release|Any CPU.Build.0 = Release|Any CPU
		{A91146A7-6C54-46C9-87AE-B59C76A7579E}.Release|x64.ActiveCfg = Release|Any CPU
		{A91146A7-6C54-46C9-87AE-B59C76A7579E}.Release|x64.Build.0 = Release|Any CPU
		{A91146A7-6C54-46C9-87AE-B59C76A7579E}.Release|x86.ActiveCfg = Release|Any CPU
		{A91146A7-6C54-46C9-87AE-B59C76A7579E}.Release|x86.Build.0 = Release|Any CPU
		{27BBFD4F-9475-4104-9F7F-82B7071AC842}.Debug|Any CPU.ActiveCfg = Debug|Any CPU
		{27BBFD4F-9475-4104-9F7F-82B7071AC842}.Debug|Any CPU.Build.0 = Debug|Any CPU
		{27BBFD4F-9475-4104-9F7F-82B7071AC842}.Debug|x64.ActiveCfg = Debug|Any CPU
		{27BBFD4F-9475-4104-9F7F-82B7071AC842}.Debug|x64.Build.0 = Debug|Any CPU
		{27BBFD4F-9475-4104-9F7F-82B7071AC842}.Debug|x86.ActiveCfg = Debug|Any CPU
		{27BBFD4F-9475-4104-9F7F-82B7071AC842}.Debug|x86.Build.0 = Debug|Any CPU
		{27BBFD4F-9475-4104-9F7F-82B7071AC842}.Release|Any CPU.ActiveCfg = Release|Any CPU
		{27BBFD4F-9475-4104-9F7F-82B7071AC842}.Release|Any CPU.Build.0 = Release|Any CPU
		{27BBFD4F-9475-4104-9F7F-82B7071AC842}.Release|x64.ActiveCfg = Release|Any CPU
		{27BBFD4F-9475-4104-9F7F-82B7071AC842}.Release|x64.Build.0 = Release|Any CPU
		{27BBFD4F-9475-4104-9F7F-82B7071AC842}.Release|x86.ActiveCfg = Release|Any CPU
		{27BBFD4F-9475-4104-9F7F-82B7071AC842}.Release|x86.Build.0 = Release|Any CPU
		{46C4CBAC-BE87-4FCD-B515-D6085B4159D3}.Debug|Any CPU.ActiveCfg = Debug|Any CPU
		{46C4CBAC-BE87-4FCD-B515-D6085B4159D3}.Debug|Any CPU.Build.0 = Debug|Any CPU
		{46C4CBAC-BE87-4FCD-B515-D6085B4159D3}.Debug|x64.ActiveCfg = Debug|Any CPU
		{46C4CBAC-BE87-4FCD-B515-D6085B4159D3}.Debug|x64.Build.0 = Debug|Any CPU
		{46C4CBAC-BE87-4FCD-B515-D6085B4159D3}.Debug|x86.ActiveCfg = Debug|Any CPU
		{46C4CBAC-BE87-4FCD-B515-D6085B4159D3}.Debug|x86.Build.0 = Debug|Any CPU
		{46C4CBAC-BE87-4FCD-B515-D6085B4159D3}.Release|Any CPU.ActiveCfg = Release|Any CPU
		{46C4CBAC-BE87-4FCD-B515-D6085B4159D3}.Release|Any CPU.Build.0 = Release|Any CPU
		{46C4CBAC-BE87-4FCD-B515-D6085B4159D3}.Release|x64.ActiveCfg = Release|Any CPU
		{46C4CBAC-BE87-4FCD-B515-D6085B4159D3}.Release|x64.Build.0 = Release|Any CPU
		{46C4CBAC-BE87-4FCD-B515-D6085B4159D3}.Release|x86.ActiveCfg = Release|Any CPU
		{46C4CBAC-BE87-4FCD-B515-D6085B4159D3}.Release|x86.Build.0 = Release|Any CPU
		{C208E624-A0CE-4481-BF2C-1CDFEC2943BD}.Debug|Any CPU.ActiveCfg = Debug|Any CPU
		{C208E624-A0CE-4481-BF2C-1CDFEC2943BD}.Debug|Any CPU.Build.0 = Debug|Any CPU
		{C208E624-A0CE-4481-BF2C-1CDFEC2943BD}.Debug|x64.ActiveCfg = Debug|Any CPU
		{C208E624-A0CE-4481-BF2C-1CDFEC2943BD}.Debug|x64.Build.0 = Debug|Any CPU
		{C208E624-A0CE-4481-BF2C-1CDFEC2943BD}.Debug|x86.ActiveCfg = Debug|Any CPU
		{C208E624-A0CE-4481-BF2C-1CDFEC2943BD}.Debug|x86.Build.0 = Debug|Any CPU
		{C208E624-A0CE-4481-BF2C-1CDFEC2943BD}.Release|Any CPU.ActiveCfg = Release|Any CPU
		{C208E624-A0CE-4481-BF2C-1CDFEC2943BD}.Release|Any CPU.Build.0 = Release|Any CPU
		{C208E624-A0CE-4481-BF2C-1CDFEC2943BD}.Release|x64.ActiveCfg = Release|Any CPU
		{C208E624-A0CE-4481-BF2C-1CDFEC2943BD}.Release|x64.Build.0 = Release|Any CPU
		{C208E624-A0CE-4481-BF2C-1CDFEC2943BD}.Release|x86.ActiveCfg = Release|Any CPU
		{C208E624-A0CE-4481-BF2C-1CDFEC2943BD}.Release|x86.Build.0 = Release|Any CPU
		{A5CCA9FD-F149-41BE-950F-204192A7A67B}.Debug|Any CPU.ActiveCfg = Debug|Any CPU
		{A5CCA9FD-F149-41BE-950F-204192A7A67B}.Debug|Any CPU.Build.0 = Debug|Any CPU
		{A5CCA9FD-F149-41BE-950F-204192A7A67B}.Debug|x64.ActiveCfg = Debug|Any CPU
		{A5CCA9FD-F149-41BE-950F-204192A7A67B}.Debug|x64.Build.0 = Debug|Any CPU
		{A5CCA9FD-F149-41BE-950F-204192A7A67B}.Debug|x86.ActiveCfg = Debug|Any CPU
		{A5CCA9FD-F149-41BE-950F-204192A7A67B}.Debug|x86.Build.0 = Debug|Any CPU
		{A5CCA9FD-F149-41BE-950F-204192A7A67B}.Release|Any CPU.ActiveCfg = Release|Any CPU
		{A5CCA9FD-F149-41BE-950F-204192A7A67B}.Release|Any CPU.Build.0 = Release|Any CPU
		{A5CCA9FD-F149-41BE-950F-204192A7A67B}.Release|x64.ActiveCfg = Release|Any CPU
		{A5CCA9FD-F149-41BE-950F-204192A7A67B}.Release|x64.Build.0 = Release|Any CPU
		{A5CCA9FD-F149-41BE-950F-204192A7A67B}.Release|x86.ActiveCfg = Release|Any CPU
		{A5CCA9FD-F149-41BE-950F-204192A7A67B}.Release|x86.Build.0 = Release|Any CPU
		{D0225A80-C1E2-408F-A275-0E97EE5862E1}.Debug|Any CPU.ActiveCfg = Debug|Any CPU
		{D0225A80-C1E2-408F-A275-0E97EE5862E1}.Debug|Any CPU.Build.0 = Debug|Any CPU
		{D0225A80-C1E2-408F-A275-0E97EE5862E1}.Debug|x64.ActiveCfg = Debug|Any CPU
		{D0225A80-C1E2-408F-A275-0E97EE5862E1}.Debug|x64.Build.0 = Debug|Any CPU
		{D0225A80-C1E2-408F-A275-0E97EE5862E1}.Debug|x86.ActiveCfg = Debug|Any CPU
		{D0225A80-C1E2-408F-A275-0E97EE5862E1}.Debug|x86.Build.0 = Debug|Any CPU
		{D0225A80-C1E2-408F-A275-0E97EE5862E1}.Release|Any CPU.ActiveCfg = Release|Any CPU
		{D0225A80-C1E2-408F-A275-0E97EE5862E1}.Release|Any CPU.Build.0 = Release|Any CPU
		{D0225A80-C1E2-408F-A275-0E97EE5862E1}.Release|x64.ActiveCfg = Release|Any CPU
		{D0225A80-C1E2-408F-A275-0E97EE5862E1}.Release|x64.Build.0 = Release|Any CPU
		{D0225A80-C1E2-408F-A275-0E97EE5862E1}.Release|x86.ActiveCfg = Release|Any CPU
		{D0225A80-C1E2-408F-A275-0E97EE5862E1}.Release|x86.Build.0 = Release|Any CPU
		{1DDD68DF-08A1-4F5C-B46A-C5A0B5A25D6B}.Debug|Any CPU.ActiveCfg = Debug|Win32
		{1DDD68DF-08A1-4F5C-B46A-C5A0B5A25D6B}.Debug|x64.ActiveCfg = Debug|x64
		{1DDD68DF-08A1-4F5C-B46A-C5A0B5A25D6B}.Debug|x64.Build.0 = Debug|x64
		{1DDD68DF-08A1-4F5C-B46A-C5A0B5A25D6B}.Debug|x86.ActiveCfg = Debug|Win32
		{1DDD68DF-08A1-4F5C-B46A-C5A0B5A25D6B}.Debug|x86.Build.0 = Debug|Win32
		{1DDD68DF-08A1-4F5C-B46A-C5A0B5A25D6B}.Release|Any CPU.ActiveCfg = Release|Win32
		{1DDD68DF-08A1-4F5C-B46A-C5A0B5A25D6B}.Release|x64.ActiveCfg = Release|x64
		{1DDD68DF-08A1-4F5C-B46A-C5A0B5A25D6B}.Release|x64.Build.0 = Release|x64
		{1DDD68DF-08A1-4F5C-B46A-C5A0B5A25D6B}.Release|x86.ActiveCfg = Release|Win32
		{1DDD68DF-08A1-4F5C-B46A-C5A0B5A25D6B}.Release|x86.Build.0 = Release|Win32
		{1E6079F1-942C-4940-8088-5F9C9A3377F7}.Debug|Any CPU.ActiveCfg = Debug|Any CPU
		{1E6079F1-942C-4940-8088-5F9C9A3377F7}.Debug|Any CPU.Build.0 = Debug|Any CPU
		{1E6079F1-942C-4940-8088-5F9C9A3377F7}.Debug|x64.ActiveCfg = Debug|Any CPU
		{1E6079F1-942C-4940-8088-5F9C9A3377F7}.Debug|x64.Build.0 = Debug|Any CPU
		{1E6079F1-942C-4940-8088-5F9C9A3377F7}.Debug|x86.ActiveCfg = Debug|Any CPU
		{1E6079F1-942C-4940-8088-5F9C9A3377F7}.Debug|x86.Build.0 = Debug|Any CPU
		{1E6079F1-942C-4940-8088-5F9C9A3377F7}.Release|Any CPU.ActiveCfg = Release|Any CPU
		{1E6079F1-942C-4940-8088-5F9C9A3377F7}.Release|Any CPU.Build.0 = Release|Any CPU
		{1E6079F1-942C-4940-8088-5F9C9A3377F7}.Release|x64.ActiveCfg = Release|Any CPU
		{1E6079F1-942C-4940-8088-5F9C9A3377F7}.Release|x64.Build.0 = Release|Any CPU
		{1E6079F1-942C-4940-8088-5F9C9A3377F7}.Release|x86.ActiveCfg = Release|Any CPU
		{1E6079F1-942C-4940-8088-5F9C9A3377F7}.Release|x86.Build.0 = Release|Any CPU
		{B7EAA9DE-5783-40BE-98DA-72FDFD05CAAF}.Debug|Any CPU.ActiveCfg = Debug|Any CPU
		{B7EAA9DE-5783-40BE-98DA-72FDFD05CAAF}.Debug|Any CPU.Build.0 = Debug|Any CPU
		{B7EAA9DE-5783-40BE-98DA-72FDFD05CAAF}.Debug|x64.ActiveCfg = Debug|Any CPU
		{B7EAA9DE-5783-40BE-98DA-72FDFD05CAAF}.Debug|x64.Build.0 = Debug|Any CPU
		{B7EAA9DE-5783-40BE-98DA-72FDFD05CAAF}.Debug|x86.ActiveCfg = Debug|Any CPU
		{B7EAA9DE-5783-40BE-98DA-72FDFD05CAAF}.Debug|x86.Build.0 = Debug|Any CPU
		{B7EAA9DE-5783-40BE-98DA-72FDFD05CAAF}.Release|Any CPU.ActiveCfg = Release|Any CPU
		{B7EAA9DE-5783-40BE-98DA-72FDFD05CAAF}.Release|Any CPU.Build.0 = Release|Any CPU
		{B7EAA9DE-5783-40BE-98DA-72FDFD05CAAF}.Release|x64.ActiveCfg = Release|Any CPU
		{B7EAA9DE-5783-40BE-98DA-72FDFD05CAAF}.Release|x64.Build.0 = Release|Any CPU
		{B7EAA9DE-5783-40BE-98DA-72FDFD05CAAF}.Release|x86.ActiveCfg = Release|Any CPU
		{B7EAA9DE-5783-40BE-98DA-72FDFD05CAAF}.Release|x86.Build.0 = Release|Any CPU
		{567A15B2-CBC3-4812-8D79-5B38E137A63D}.Debug|Any CPU.ActiveCfg = Debug|Any CPU
		{567A15B2-CBC3-4812-8D79-5B38E137A63D}.Debug|Any CPU.Build.0 = Debug|Any CPU
		{567A15B2-CBC3-4812-8D79-5B38E137A63D}.Debug|x64.ActiveCfg = Debug|Any CPU
		{567A15B2-CBC3-4812-8D79-5B38E137A63D}.Debug|x64.Build.0 = Debug|Any CPU
		{567A15B2-CBC3-4812-8D79-5B38E137A63D}.Debug|x86.ActiveCfg = Debug|Any CPU
		{567A15B2-CBC3-4812-8D79-5B38E137A63D}.Debug|x86.Build.0 = Debug|Any CPU
		{567A15B2-CBC3-4812-8D79-5B38E137A63D}.Release|Any CPU.ActiveCfg = Release|Any CPU
		{567A15B2-CBC3-4812-8D79-5B38E137A63D}.Release|Any CPU.Build.0 = Release|Any CPU
		{567A15B2-CBC3-4812-8D79-5B38E137A63D}.Release|x64.ActiveCfg = Release|Any CPU
		{567A15B2-CBC3-4812-8D79-5B38E137A63D}.Release|x64.Build.0 = Release|Any CPU
		{567A15B2-CBC3-4812-8D79-5B38E137A63D}.Release|x86.ActiveCfg = Release|Any CPU
		{567A15B2-CBC3-4812-8D79-5B38E137A63D}.Release|x86.Build.0 = Release|Any CPU
	EndGlobalSection
	GlobalSection(SolutionProperties) = preSolution
		HideSolutionNode = FALSE
	EndGlobalSection
	GlobalSection(NestedProjects) = preSolution
		{46C4CBAC-BE87-4FCD-B515-D6085B4159D3} = {F97490E4-9E06-4D6D-8BDC-8C38CBBCF50A}
		{C208E624-A0CE-4481-BF2C-1CDFEC2943BD} = {F97490E4-9E06-4D6D-8BDC-8C38CBBCF50A}
		{A5CCA9FD-F149-41BE-950F-204192A7A67B} = {A740D88E-6853-423D-8DE5-50D7CB7A5D41}
		{1E6079F1-942C-4940-8088-5F9C9A3377F7} = {558A80C2-FF63-4DD3-A571-9E61180BF464}
		{B7EAA9DE-5783-40BE-98DA-72FDFD05CAAF} = {558A80C2-FF63-4DD3-A571-9E61180BF464}
		{567A15B2-CBC3-4812-8D79-5B38E137A63D} = {558A80C2-FF63-4DD3-A571-9E61180BF464}
	EndGlobalSection
	GlobalSection(ExtensibilityGlobals) = postSolution
		SolutionGuid = {4E70451A-5F85-4314-B138-3E7618DCB296}
	EndGlobalSection
EndGlobal
